
Microsoft Visual Studio Solution File, Format Version 12.00
# Visual Studio Version 17
VisualStudioVersion = 17.14.36221.1 d17.14
MinimumVisualStudioVersion = 10.0.40219.1
Project("{FAE04EC0-301F-11D3-BF4B-00C04F79EFBC}") = "SistemaLogin", "SistemaLogin.csproj", "{5959908F-F57D-4C2F-A165-8CCC1CC56ECA}"
EndProject
Global
	GlobalSection(SolutionConfigurationPlatforms) = preSolution
		Debug|Any CPU = Debug|Any CPU
		Release|Any CPU = Release|Any CPU
	EndGlobalSection
	GlobalSection(ProjectConfigurationPlatforms) = postSolution
		{5959908F-F57D-4C2F-A165-8CCC1CC56ECA}.Debug|Any CPU.ActiveCfg = Debug|Any CPU
		{5959908F-F57D-4C2F-A165-8CCC1CC56ECA}.Debug|Any CPU.Build.0 = Debug|Any CPU
		{5959908F-F57D-4C2F-A165-8CCC1CC56ECA}.Release|Any CPU.ActiveCfg = Release|Any CPU
		{5959908F-F57D-4C2F-A165-8CCC1CC56ECA}.Release|Any CPU.Build.0 = Release|Any CPU
	EndGlobalSection
	GlobalSection(SolutionProperties) = preSolution
		HideSolutionNode = FALSE
	EndGlobalSection
	GlobalSection(ExtensibilityGlobals) = postSolution
		SolutionGuid = {5E3C1F3E-C95B-4E41-8EF8-2333F6781277}
	EndGlobalSection
EndGlobal
